
Microsoft Visual Studio Solution File, Format Version 12.00
# Visual Studio Version 17
VisualStudioVersion = 17.13.35931.197
MinimumVisualStudioVersion = 10.0.40219.1
Project("{8BC9CEB8-8B4A-11D0-8D11-00A0C91BC942}") = "IntroductionToOOP", "IntroductionToOOP\IntroductionToOOP.vcxproj", "{B5FCF031-B063-4BBB-8EE9-59C4766020F0}"
EndProject
Project("{8BC9CEB8-8B4A-11D0-8D11-00A0C91BC942}") = "Fraction", "Fraction\Fraction.vcxproj", "{62E021D0-323B-4B5D-A66A-97A667EBDD85}"
EndProject
Project("{8BC9CEB8-8B4A-11D0-8D11-00A0C91BC942}") = "String", "String\String.vcxproj", "{F2B3E7EF-841A-44CE-99F1-6C03C5B12296}"
EndProject
Global
	GlobalSection(SolutionConfigurationPlatforms) = preSolution
		Debug|x64 = Debug|x64
		Debug|x86 = Debug|x86
		Release|x64 = Release|x64
		Release|x86 = Release|x86
	EndGlobalSection
	GlobalSection(ProjectConfigurationPlatforms) = postSolution
		{B5FCF031-B063-4BBB-8EE9-59C4766020F0}.Debug|x64.ActiveCfg = Debug|x64
		{B5FCF031-B063-4BBB-8EE9-59C4766020F0}.Debug|x64.Build.0 = Debug|x64
		{B5FCF031-B063-4BBB-8EE9-59C4766020F0}.Debug|x86.ActiveCfg = Debug|Win32
		{B5FCF031-B063-4BBB-8EE9-59C4766020F0}.Debug|x86.Build.0 = Debug|Win32
		{B5FCF031-B063-4BBB-8EE9-59C4766020F0}.Release|x64.ActiveCfg = Release|x64
		{B5FCF031-B063-4BBB-8EE9-59C4766020F0}.Release|x64.Build.0 = Release|x64
		{B5FCF031-B063-4BBB-8EE9-59C4766020F0}.Release|x86.ActiveCfg = Release|Win32
		{B5FCF031-B063-4BBB-8EE9-59C4766020F0}.Release|x86.Build.0 = Release|Win32
		{62E021D0-323B-4B5D-A66A-97A667EBDD85}.Debug|x64.ActiveCfg = Debug|x64
		{62E021D0-323B-4B5D-A66A-97A667EBDD85}.Debug|x64.Build.0 = Debug|x64
		{62E021D0-323B-4B5D-A66A-97A667EBDD85}.Debug|x86.ActiveCfg = Debug|Win32
		{62E021D0-323B-4B5D-A66A-97A667EBDD85}.Debug|x86.Build.0 = Debug|Win32
		{62E021D0-323B-4B5D-A66A-97A667EBDD85}.Release|x64.ActiveCfg = Release|x64
		{62E021D0-323B-4B5D-A66A-97A667EBDD85}.Release|x64.Build.0 = Release|x64
		{62E021D0-323B-4B5D-A66A-97A667EBDD85}.Release|x86.ActiveCfg = Release|Win32
		{62E021D0-323B-4B5D-A66A-97A667EBDD85}.Release|x86.Build.0 = Release|Win32
		{F2B3E7EF-841A-44CE-99F1-6C03C5B12296}.Debug|x64.ActiveCfg = Debug|x64
		{F2B3E7EF-841A-44CE-99F1-6C03C5B12296}.Debug|x64.Build.0 = Debug|x64
		{F2B3E7EF-841A-44CE-99F1-6C03C5B12296}.Debug|x86.ActiveCfg = Debug|Win32
		{F2B3E7EF-841A-44CE-99F1-6C03C5B12296}.Debug|x86.Build.0 = Debug|Win32
		{F2B3E7EF-841A-44CE-99F1-6C03C5B12296}.Release|x64.ActiveCfg = Release|x64
		{F2B3E7EF-841A-44CE-99F1-6C03C5B12296}.Release|x64.Build.0 = Release|x64
		{F2B3E7EF-841A-44CE-99F1-6C03C5B12296}.Release|x86.ActiveCfg = Release|Win32
		{F2B3E7EF-841A-44CE-99F1-6C03C5B12296}.Release|x86.Build.0 = Release|Win32
	EndGlobalSection
	GlobalSection(SolutionProperties) = preSolution
		HideSolutionNode = FALSE
	EndGlobalSection
	GlobalSection(ExtensibilityGlobals) = postSolution
		SolutionGuid = {57BB91D5-E675-4003-8965-5624D98350B4}
	EndGlobalSection
EndGlobal
